// !$*UTF8*$!
{
	archiveVersion = 1;
	classes = {
	};
	objectVersion = 50;
	objects = {

/* Begin PBXBuildFile section */
		E0A7A40E22F88AD1009EE29C /* AppDelegate.swift in Sources */ = {isa = PBXBuildFile; fileRef = E0A7A40D22F88AD1009EE29C /* AppDelegate.swift */; };
		E0A7A41322F88AD1009EE29C /* Main.storyboard in Resources */ = {isa = PBXBuildFile; fileRef = E0A7A41122F88AD1009EE29C /* Main.storyboard */; };
		E0A7A41522F88AD2009EE29C /* Assets.xcassets in Resources */ = {isa = PBXBuildFile; fileRef = E0A7A41422F88AD2009EE29C /* Assets.xcassets */; };
		E0A7A41822F88AD2009EE29C /* LaunchScreen.storyboard in Resources */ = {isa = PBXBuildFile; fileRef = E0A7A41622F88AD2009EE29C /* LaunchScreen.storyboard */; };
		E0A7A42622F88FB7009EE29C /* Setting.swift in Sources */ = {isa = PBXBuildFile; fileRef = E0A7A42522F88FB7009EE29C /* Setting.swift */; };
/* End PBXBuildFile section */

/* Begin PBXFileReference section */
		E0A7A40A22F88AD1009EE29C /* Settings2.app */ = {isa = PBXFileReference; explicitFileType = wrapper.application; includeInIndex = 0; path = Settings2.app; sourceTree = BUILT_PRODUCTS_DIR; };
		E0A7A40D22F88AD1009EE29C /* AppDelegate.swift */ = {isa = PBXFileReference; lastKnownFileType = sourcecode.swift; path = AppDelegate.swift; sourceTree = "<group>"; };
		E0A7A41222F88AD1009EE29C /* Base */ = {isa = PBXFileReference; lastKnownFileType = file.storyboard; name = Base; path = Base.lproj/Main.storyboard; sourceTree = "<group>"; };
		E0A7A41422F88AD2009EE29C /* Assets.xcassets */ = {isa = PBXFileReference; lastKnownFileType = folder.assetcatalog; path = Assets.xcassets; sourceTree = "<group>"; };
		E0A7A41722F88AD2009EE29C /* Base */ = {isa = PBXFileReference; lastKnownFileType = file.storyboard; name = Base; path = Base.lproj/LaunchScreen.storyboard; sourceTree = "<group>"; };
		E0A7A41922F88AD2009EE29C /* Info.plist */ = {isa = PBXFileReference; lastKnownFileType = text.plist.xml; path = Info.plist; sourceTree = "<group>"; };
		E0A7A42522F88FB7009EE29C /* Setting.swift */ = {isa = PBXFileReference; lastKnownFileType = sourcecode.swift; path = Setting.swift; sourceTree = "<group>"; };
/* End PBXFileReference section */

/* Begin PBXFrameworksBuildPhase section */
		E0A7A40722F88AD1009EE29C /* Frameworks */ = {
			isa = PBXFrameworksBuildPhase;
			buildActionMask = 2147483647;
			files = (
			);
			runOnlyForDeploymentPostprocessing = 0;
		};
/* End PBXFrameworksBuildPhase section */

/* Begin PBXGroup section */
		E0A7A40122F88AD1009EE29C = {
			isa = PBXGroup;
			children = (
				E0A7A40C22F88AD1009EE29C /* Settings2 */,
				E0A7A40B22F88AD1009EE29C /* Products */,
			);
			sourceTree = "<group>";
		};
		E0A7A40B22F88AD1009EE29C /* Products */ = {
			isa = PBXGroup;
			children = (
				E0A7A40A22F88AD1009EE29C /* Settings2.app */,
			);
			name = Products;
			sourceTree = "<group>";
		};
		E0A7A40C22F88AD1009EE29C /* Settings2 */ = {
			isa = PBXGroup;
			children = (
				E0A7A42422F88D5A009EE29C /* Storyboards */,
				E0A7A42322F88D52009EE29C /* Models */,
				E0A7A42222F88D4B009EE29C /* Model Controllers */,
				E0A7A42122F88D40009EE29C /* View Controllers */,
				E0A7A42022F88D38009EE29C /* Views */,
				E0A7A41F22F88D2A009EE29C /* Resources */,
			);
			path = Settings2;
			sourceTree = "<group>";
		};
		E0A7A41F22F88D2A009EE29C /* Resources */ = {
			isa = PBXGroup;
			children = (
				E0A7A40D22F88AD1009EE29C /* AppDelegate.swift */,
				E0A7A41422F88AD2009EE29C /* Assets.xcassets */,
				E0A7A41622F88AD2009EE29C /* LaunchScreen.storyboard */,
				E0A7A41922F88AD2009EE29C /* Info.plist */,
			);
			path = Resources;
			sourceTree = "<group>";
		};
		E0A7A42022F88D38009EE29C /* Views */ = {
			isa = PBXGroup;
			children = (
			);
			path = Views;
			sourceTree = "<group>";
		};
		E0A7A42122F88D40009EE29C /* View Controllers */ = {
			isa = PBXGroup;
			children = (
			);
			path = "View Controllers";
			sourceTree = "<group>";
		};
		E0A7A42222F88D4B009EE29C /* Model Controllers */ = {
			isa = PBXGroup;
			children = (
			);
			path = "Model Controllers";
			sourceTree = "<group>";
		};
		E0A7A42322F88D52009EE29C /* Models */ = {
			isa = PBXGroup;
			children = (
				E0A7A42522F88FB7009EE29C /* Setting.swift */,
			);
			path = Models;
			sourceTree = "<group>";
		};
		E0A7A42422F88D5A009EE29C /* Storyboards */ = {
			isa = PBXGroup;
			children = (
				E0A7A41122F88AD1009EE29C /* Main.storyboard */,
			);
			path = Storyboards;
			sourceTree = "<group>";
		};
/* End PBXGroup section */

/* Begin PBXNativeTarget section */
		E0A7A40922F88AD1009EE29C /* Settings2 */ = {
			isa = PBXNativeTarget;
			buildConfigurationList = E0A7A41C22F88AD2009EE29C /* Build configuration list for PBXNativeTarget "Settings2" */;
			buildPhases = (
				E0A7A40622F88AD1009EE29C /* Sources */,
				E0A7A40722F88AD1009EE29C /* Frameworks */,
				E0A7A40822F88AD1009EE29C /* Resources */,
			);
			buildRules = (
			);
			dependencies = (
			);
			name = Settings2;
			productName = Settings2;
			productReference = E0A7A40A22F88AD1009EE29C /* Settings2.app */;
			productType = "com.apple.product-type.application";
		};
/* End PBXNativeTarget section */

/* Begin PBXProject section */
		E0A7A40222F88AD1009EE29C /* Project object */ = {
			isa = PBXProject;
			attributes = {
				LastSwiftUpdateCheck = 1030;
				LastUpgradeCheck = 1030;
				ORGANIZATIONNAME = "Cameron Stuart";
				TargetAttributes = {
					E0A7A40922F88AD1009EE29C = {
						CreatedOnToolsVersion = 10.3;
					};
				};
			};
			buildConfigurationList = E0A7A40522F88AD1009EE29C /* Build configuration list for PBXProject "Settings2" */;
			compatibilityVersion = "Xcode 9.3";
			developmentRegion = en;
			hasScannedForEncodings = 0;
			knownRegions = (
				en,
				Base,
			);
			mainGroup = E0A7A40122F88AD1009EE29C;
			productRefGroup = E0A7A40B22F88AD1009EE29C /* Products */;
			projectDirPath = "";
			projectRoot = "";
			targets = (
				E0A7A40922F88AD1009EE29C /* Settings2 */,
			);
		};
/* End PBXProject section */

/* Begin PBXResourcesBuildPhase section */
		E0A7A40822F88AD1009EE29C /* Resources */ = {
			isa = PBXResourcesBuildPhase;
			buildActionMask = 2147483647;
			files = (
				E0A7A41822F88AD2009EE29C /* LaunchScreen.storyboard in Resources */,
				E0A7A41522F88AD2009EE29C /* Assets.xcassets in Resources */,
				E0A7A41322F88AD1009EE29C /* Main.storyboard in Resources */,
			);
			runOnlyForDeploymentPostprocessing = 0;
		};
/* End PBXResourcesBuildPhase section */

/* Begin PBXSourcesBuildPhase section */
		E0A7A40622F88AD1009EE29C /* Sources */ = {
			isa = PBXSourcesBuildPhase;
			buildActionMask = 2147483647;
			files = (
				E0A7A42622F88FB7009EE29C /* Setting.swift in Sources */,
				E0A7A40E22F88AD1009EE29C /* AppDelegate.swift in Sources */,
			);
			runOnlyForDeploymentPostprocessing = 0;
		};
/* End PBXSourcesBuildPhase section */

/* Begin PBXVariantGroup section */
		E0A7A41122F88AD1009EE29C /* Main.storyboard */ = {
			isa = PBXVariantGroup;
			children = (
				E0A7A41222F88AD1009EE29C /* Base */,
			);
			name = Main.storyboard;
			sourceTree = "<group>";
		};
		E0A7A41622F88AD2009EE29C /* LaunchScreen.storyboard */ = {
			isa = PBXVariantGroup;
			children = (
				E0A7A41722F88AD2009EE29C /* Base */,
			);
			name = LaunchScreen.storyboard;
			sourceTree = "<group>";
		};
/* End PBXVariantGroup section */

/* Begin XCBuildConfiguration section */
		E0A7A41A22F88AD2009EE29C /* Debug */ = {
			isa = XCBuildConfiguration;
			buildSettings = {
				ALWAYS_SEARCH_USER_PATHS = NO;
				CLANG_ANALYZER_NONNULL = YES;
				CLANG_ANALYZER_NUMBER_OBJECT_CONVERSION = YES_AGGRESSIVE;
				CLANG_CXX_LANGUAGE_STANDARD = "gnu++14";
				CLANG_CXX_LIBRARY = "libc++";
				CLANG_ENABLE_MODULES = YES;
				CLANG_ENABLE_OBJC_ARC = YES;
				CLANG_ENABLE_OBJC_WEAK = YES;
				CLANG_WARN_BLOCK_CAPTURE_AUTORELEASING = YES;
				CLANG_WARN_BOOL_CONVERSION = YES;
				CLANG_WARN_COMMA = YES;
				CLANG_WARN_CONSTANT_CONVERSION = YES;
				CLANG_WARN_DEPRECATED_OBJC_IMPLEMENTATIONS = YES;
				CLANG_WARN_DIRECT_OBJC_ISA_USAGE = YES_ERROR;
				CLANG_WARN_DOCUMENTATION_COMMENTS = YES;
				CLANG_WARN_EMPTY_BODY = YES;
				CLANG_WARN_ENUM_CONVERSION = YES;
				CLANG_WARN_INFINITE_RECURSION = YES;
				CLANG_WARN_INT_CONVERSION = YES;
				CLANG_WARN_NON_LITERAL_NULL_CONVERSION = YES;
				CLANG_WARN_OBJC_IMPLICIT_RETAIN_SELF = YES;
				CLANG_WARN_OBJC_LITERAL_CONVERSION = YES;
				CLANG_WARN_OBJC_ROOT_CLASS = YES_ERROR;
				CLANG_WARN_RANGE_LOOP_ANALYSIS = YES;
				CLANG_WARN_STRICT_PROTOTYPES = YES;
				CLANG_WARN_SUSPICIOUS_MOVE = YES;
				CLANG_WARN_UNGUARDED_AVAILABILITY = YES_AGGRESSIVE;
				CLANG_WARN_UNREACHABLE_CODE = YES;
				CLANG_WARN__DUPLICATE_METHOD_MATCH = YES;
				CODE_SIGN_IDENTITY = "iPhone Developer";
				COPY_PHASE_STRIP = NO;
				DEBUG_INFORMATION_FORMAT = dwarf;
				ENABLE_STRICT_OBJC_MSGSEND = YES;
				ENABLE_TESTABILITY = YES;
				GCC_C_LANGUAGE_STANDARD = gnu11;
				GCC_DYNAMIC_NO_PIC = NO;
				GCC_NO_COMMON_BLOCKS = YES;
				GCC_OPTIMIZATION_LEVEL = 0;
				GCC_PREPROCESSOR_DEFINITIONS = (
					"DEBUG=1",
					"$(inherited)",
				);
				GCC_WARN_64_TO_32_BIT_CONVERSION = YES;
				GCC_WARN_ABOUT_RETURN_TYPE = YES_ERROR;
				GCC_WARN_UNDECLARED_SELECTOR = YES;
				GCC_WARN_UNINITIALIZED_AUTOS = YES_AGGRESSIVE;
				GCC_WARN_UNUSED_FUNCTION = YES;
				GCC_WARN_UNUSED_VARIABLE = YES;
				IPHONEOS_DEPLOYMENT_TARGET = 12.4;
				MTL_ENABLE_DEBUG_INFO = INCLUDE_SOURCE;
				MTL_FAST_MATH = YES;
				ONLY_ACTIVE_ARCH = YES;
				SDKROOT = iphoneos;
				SWIFT_ACTIVE_COMPILATION_CONDITIONS = DEBUG;
				SWIFT_OPTIMIZATION_LEVEL = "-Onone";
			};
			name = Debug;
		};
		E0A7A41B22F88AD2009EE29C /* Release */ = {
			isa = XCBuildConfiguration;
			buildSettings = {
				ALWAYS_SEARCH_USER_PATHS = NO;
				CLANG_ANALYZER_NONNULL = YES;
				CLANG_ANALYZER_NUMBER_OBJECT_CONVERSION = YES_AGGRESSIVE;
				CLANG_CXX_LANGUAGE_STANDARD = "gnu++14";
				CLANG_CXX_LIBRARY = "libc++";
				CLANG_ENABLE_MODULES = YES;
				CLANG_ENABLE_OBJC_ARC = YES;
				CLANG_ENABLE_OBJC_WEAK = YES;
				CLANG_WARN_BLOCK_CAPTURE_AUTORELEASING = YES;
				CLANG_WARN_BOOL_CONVERSION = YES;
				CLANG_WARN_COMMA = YES;
				CLANG_WARN_CONSTANT_CONVERSION = YES;
				CLANG_WARN_DEPRECATED_OBJC_IMPLEMENTATIONS = YES;
				CLANG_WARN_DIRECT_OBJC_ISA_USAGE = YES_ERROR;
				CLANG_WARN_DOCUMENTATION_COMMENTS = YES;
				CLANG_WARN_EMPTY_BODY = YES;
				CLANG_WARN_ENUM_CONVERSION = YES;
				CLANG_WARN_INFINITE_RECURSION = YES;
				CLANG_WARN_INT_CONVERSION = YES;
				CLANG_WARN_NON_LITERAL_NULL_CONVERSION = YES;
				CLANG_WARN_OBJC_IMPLICIT_RETAIN_SELF = YES;
				CLANG_WARN_OBJC_LITERAL_CONVERSION = YES;
				CLANG_WARN_OBJC_ROOT_CLASS = YES_ERROR;
				CLANG_WARN_RANGE_LOOP_ANALYSIS = YES;
				CLANG_WARN_STRICT_PROTOTYPES = YES;
				CLANG_WARN_SUSPICIOUS_MOVE = YES;
				CLANG_WARN_UNGUARDED_AVAILABILITY = YES_AGGRESSIVE;
				CLANG_WARN_UNREACHABLE_CODE = YES;
				CLANG_WARN__DUPLICATE_METHOD_MATCH = YES;
				CODE_SIGN_IDENTITY = "iPhone Developer";
				COPY_PHASE_STRIP = NO;
				DEBUG_INFORMATION_FORMAT = "dwarf-with-dsym";
				ENABLE_NS_ASSERTIONS = NO;
				ENABLE_STRICT_OBJC_MSGSEND = YES;
				GCC_C_LANGUAGE_STANDARD = gnu11;
				GCC_NO_COMMON_BLOCKS = YES;
				GCC_WARN_64_TO_32_BIT_CONVERSION = YES;
				GCC_WARN_ABOUT_RETURN_TYPE = YES_ERROR;
				GCC_WARN_UNDECLARED_SELECTOR = YES;
				GCC_WARN_UNINITIALIZED_AUTOS = YES_AGGRESSIVE;
				GCC_WARN_UNUSED_FUNCTION = YES;
				GCC_WARN_UNUSED_VARIABLE = YES;
				IPHONEOS_DEPLOYMENT_TARGET = 12.4;
				MTL_ENABLE_DEBUG_INFO = NO;
				MTL_FAST_MATH = YES;
				SDKROOT = iphoneos;
				SWIFT_COMPILATION_MODE = wholemodule;
				SWIFT_OPTIMIZATION_LEVEL = "-O";
				VALIDATE_PRODUCT = YES;
			};
			name = Release;
		};
		E0A7A41D22F88AD2009EE29C /* Debug */ = {
			isa = XCBuildConfiguration;
			buildSettings = {
				ASSETCATALOG_COMPILER_APPICON_NAME = AppIcon;
				CODE_SIGN_STYLE = Automatic;
				DEVELOPMENT_TEAM = 4XW6NLB75A;
				INFOPLIST_FILE = "$(SRCROOT)/Settings2/Resources/Info.plist";
				LD_RUNPATH_SEARCH_PATHS = (
					"$(inherited)",
					"@executable_path/Frameworks",
				);
				PRODUCT_BUNDLE_IDENTIFIER = com.CameronStuart.Settings2;
				PRODUCT_NAME = "$(TARGET_NAME)";
				SWIFT_VERSION = 5.0;
				TARGETED_DEVICE_FAMILY = "1,2";
			};
			name = Debug;
		};
		E0A7A41E22F88AD2009EE29C /* Release */ = {
			isa = XCBuildConfiguration;
			buildSettings = {
				ASSETCATALOG_COMPILER_APPICON_NAME = AppIcon;
				CODE_SIGN_STYLE = Automatic;
				DEVELOPMENT_TEAM = 4XW6NLB75A;
				INFOPLIST_FILE = "$(SRCROOT)/Settings2/Resources/Info.plist";
				LD_RUNPATH_SEARCH_PATHS = (
					"$(inherited)",
					"@executable_path/Frameworks",
				);
				PRODUCT_BUNDLE_IDENTIFIER = com.CameronStuart.Settings2;
				PRODUCT_NAME = "$(TARGET_NAME)";
				SWIFT_VERSION = 5.0;
				TARGETED_DEVICE_FAMILY = "1,2";
			};
			name = Release;
		};
/* End XCBuildConfiguration section */

/* Begin XCConfigurationList section */
		E0A7A40522F88AD1009EE29C /* Build configuration list for PBXProject "Settings2" */ = {
			isa = XCConfigurationList;
			buildConfigurations = (
				E0A7A41A22F88AD2009EE29C /* Debug */,
				E0A7A41B22F88AD2009EE29C /* Release */,
			);
			defaultConfigurationIsVisible = 0;
			defaultConfigurationName = Release;
		};
		E0A7A41C22F88AD2009EE29C /* Build configuration list for PBXNativeTarget "Settings2" */ = {
			isa = XCConfigurationList;
			buildConfigurations = (
				E0A7A41D22F88AD2009EE29C /* Debug */,
				E0A7A41E22F88AD2009EE29C /* Release */,
			);
			defaultConfigurationIsVisible = 0;
			defaultConfigurationName = Release;
		};
/* End XCConfigurationList section */
	};
	rootObject = E0A7A40222F88AD1009EE29C /* Project object */;
}
